
Microsoft Visual Studio Solution File, Format Version 12.00
# Visual Studio 14
VisualStudioVersion = 14.0.24720.0
MinimumVisualStudioVersion = 10.0.40219.1
Project("{F184B08F-C81C-45F6-A57F-5ABD9991F28F}") = "CAcert-CSR", "CAcert-CSR.vbproj", "{FA3B8026-1A93-4E8C-9722-13527571F43D}"
EndProject
Project("{54435603-DBB4-11D2-8724-00A0C9A8B90C}") = "Setup", "Setup\Setup\Setup.vdproj", "{6F2BEED8-09A9-48C6-A28C-EDA492967D7E}"
EndProject
Global
	GlobalSection(SolutionConfigurationPlatforms) = preSolution
		Debug|x86 = Debug|x86
		Release|x86 = Release|x86
	EndGlobalSection
	GlobalSection(ProjectConfigurationPlatforms) = postSolution
		{FA3B8026-1A93-4E8C-9722-13527571F43D}.Debug|x86.ActiveCfg = Debug|x86
		{FA3B8026-1A93-4E8C-9722-13527571F43D}.Debug|x86.Build.0 = Debug|x86
		{FA3B8026-1A93-4E8C-9722-13527571F43D}.Release|x86.ActiveCfg = Release|x86
		{FA3B8026-1A93-4E8C-9722-13527571F43D}.Release|x86.Build.0 = Release|x86
		{6F2BEED8-09A9-48C6-A28C-EDA492967D7E}.Debug|x86.ActiveCfg = Debug
		{6F2BEED8-09A9-48C6-A28C-EDA492967D7E}.Release|x86.ActiveCfg = Release
	EndGlobalSection
	GlobalSection(SolutionProperties) = preSolution
		HideSolutionNode = FALSE
	EndGlobalSection
EndGlobal
